Microsoft Visual Studio Solution File, Format Version 12.00
# Visual Studio Version 17
VisualStudioVersion = 17.5.2.0
MinimumVisualStudioVersion = 10.0.40219.1
Project("{FAE04EC0-301F-11D3-BF4B-00C04F79EFBC}") = "Gerenciador de Senhas", "Gerenciador de Senhas.csproj", "{6C167A87-D002-CA03-3057-CEDCD62DF99E}"
EndProject
Global
	GlobalSection(SolutionConfigurationPlatforms) = preSolution
		Debug|Any CPU = Debug|Any CPU
		Release|Any CPU = Release|Any CPU
	EndGlobalSection
	GlobalSection(ProjectConfigurationPlatforms) = postSolution
		{6C167A87-D002-CA03-3057-CEDCD62DF99E}.Debug|Any CPU.ActiveCfg = Debug|Any CPU
		{6C167A87-D002-CA03-3057-CEDCD62DF99E}.Debug|Any CPU.Build.0 = Debug|Any CPU
		{6C167A87-D002-CA03-3057-CEDCD62DF99E}.Release|Any CPU.ActiveCfg = Release|Any CPU
		{6C167A87-D002-CA03-3057-CEDCD62DF99E}.Release|Any CPU.Build.0 = Release|Any CPU
	EndGlobalSection
	GlobalSection(SolutionProperties) = preSolution
		HideSolutionNode = FALSE
	EndGlobalSection
	GlobalSection(ExtensibilityGlobals) = postSolution
		SolutionGuid = {E3BB6F64-DB4C-4B0E-B0E7-E169BB5C812D}
	EndGlobalSection
EndGlobal
